
Microsoft Visual Studio Solution File, Format Version 12.00
# Visual Studio Version 17
VisualStudioVersion = 17.1.32210.238
MinimumVisualStudioVersion = 10.0.40219.1
Project("{9A19103F-16F7-4668-BE54-9A1E7A4F7556}") = "Domain", "Domain\Domain.csproj", "{C1D54546-5FD1-4BB6-B8A1-44EF08D816B7}"
EndProject
Project("{9A19103F-16F7-4668-BE54-9A1E7A4F7556}") = "Infrastructure", "Infrastructure\Infrastructure.csproj", "{E15D44DF-3087-4472-9981-DEDF61C994AE}"
EndProject
Project("{9A19103F-16F7-4668-BE54-9A1E7A4F7556}") = "WebUI", "WebUI\WebUI.csproj", "{282FA359-85DA-416A-BDA2-E54E6674DE7C}"
EndProject
Project("{FAE04EC0-301F-11D3-BF4B-00C04F79EFBC}") = "MinimalApi", "MinimalApi\MinimalApi.csproj", "{115603A6-6A86-4905-9BC6-E82B8C964E87}"
EndProject
Project("{2150E333-8FDC-42A3-9474-1A3956D46DE8}") = "Standard API", "Standard API", "{224D2CBD-D8D9-4BF8-9363-7C744CE607E8}"
EndProject
Global
	GlobalSection(SolutionConfigurationPlatforms) = preSolution
		Debug|Any CPU = Debug|Any CPU
		Release|Any CPU = Release|Any CPU
	EndGlobalSection
	GlobalSection(ProjectConfigurationPlatforms) = postSolution
		{C1D54546-5FD1-4BB6-B8A1-44EF08D816B7}.Debug|Any CPU.ActiveCfg = Debug|Any CPU
		{C1D54546-5FD1-4BB6-B8A1-44EF08D816B7}.Debug|Any CPU.Build.0 = Debug|Any CPU
		{C1D54546-5FD1-4BB6-B8A1-44EF08D816B7}.Release|Any CPU.ActiveCfg = Release|Any CPU
		{C1D54546-5FD1-4BB6-B8A1-44EF08D816B7}.Release|Any CPU.Build.0 = Release|Any CPU
		{E15D44DF-3087-4472-9981-DEDF61C994AE}.Debug|Any CPU.ActiveCfg = Debug|Any CPU
		{E15D44DF-3087-4472-9981-DEDF61C994AE}.Debug|Any CPU.Build.0 = Debug|Any CPU
		{E15D44DF-3087-4472-9981-DEDF61C994AE}.Release|Any CPU.ActiveCfg = Release|Any CPU
		{E15D44DF-3087-4472-9981-DEDF61C994AE}.Release|Any CPU.Build.0 = Release|Any CPU
		{282FA359-85DA-416A-BDA2-E54E6674DE7C}.Debug|Any CPU.ActiveCfg = Debug|Any CPU
		{282FA359-85DA-416A-BDA2-E54E6674DE7C}.Debug|Any CPU.Build.0 = Debug|Any CPU
		{282FA359-85DA-416A-BDA2-E54E6674DE7C}.Release|Any CPU.ActiveCfg = Release|Any CPU
		{282FA359-85DA-416A-BDA2-E54E6674DE7C}.Release|Any CPU.Build.0 = Release|Any CPU
		{115603A6-6A86-4905-9BC6-E82B8C964E87}.Debug|Any CPU.ActiveCfg = Debug|Any CPU
		{115603A6-6A86-4905-9BC6-E82B8C964E87}.Debug|Any CPU.Build.0 = Debug|Any CPU
		{115603A6-6A86-4905-9BC6-E82B8C964E87}.Release|Any CPU.ActiveCfg = Release|Any CPU
		{115603A6-6A86-4905-9BC6-E82B8C964E87}.Release|Any CPU.Build.0 = Release|Any CPU
	EndGlobalSection
	GlobalSection(SolutionProperties) = preSolution
		HideSolutionNode = FALSE
	EndGlobalSection
	GlobalSection(NestedProjects) = preSolution
		{C1D54546-5FD1-4BB6-B8A1-44EF08D816B7} = {224D2CBD-D8D9-4BF8-9363-7C744CE607E8}
		{E15D44DF-3087-4472-9981-DEDF61C994AE} = {224D2CBD-D8D9-4BF8-9363-7C744CE607E8}
		{282FA359-85DA-416A-BDA2-E54E6674DE7C} = {224D2CBD-D8D9-4BF8-9363-7C744CE607E8}
	EndGlobalSection
	GlobalSection(ExtensibilityGlobals) = postSolution
		SolutionGuid = {6D30693B-4B9E-4D59-8D41-DE36EAE958C7}
	EndGlobalSection
EndGlobal
